// !$*UTF8*$!
{
	archiveVersion = 1;
	classes = {
	};
	objectVersion = 46;
	objects = {

/* Begin PBXBuildFile section */
		8618B36D154DE02800792251 /* GraphViewController.m in Sources */ = {isa = PBXBuildFile; fileRef = 8618B36C154DE02800792251 /* GraphViewController.m */; };
		8657E8F9154F9D72003F4315 /* iPad.storyboard in Resources */ = {isa = PBXBuildFile; fileRef = 8657E8F7154F9D72003F4315 /* iPad.storyboard */; };
		865DACA7155C52F1007D5F59 /* FavoritesPopoverTableViewController.m in Sources */ = {isa = PBXBuildFile; fileRef = 865DACA6155C52F1007D5F59 /* FavoritesPopoverTableViewController.m */; };
		865DACAE155C5E0A007D5F59 /* FavoritesPushedTableViewController.m in Sources */ = {isa = PBXBuildFile; fileRef = 865DACAD155C5E0A007D5F59 /* FavoritesPushedTableViewController.m */; };
		86981F0E1538B9E40055EC7D /* UIKit.framework in Frameworks */ = {isa = PBXBuildFile; fileRef = 86981F0D1538B9E40055EC7D /* UIKit.framework */; };
		86981F101538B9E40055EC7D /* Foundation.framework in Frameworks */ = {isa = PBXBuildFile; fileRef = 86981F0F1538B9E40055EC7D /* Foundation.framework */; };
		86981F121538B9E40055EC7D /* CoreGraphics.framework in Frameworks */ = {isa = PBXBuildFile; fileRef = 86981F111538B9E40055EC7D /* CoreGraphics.framework */; };
		86981F181538B9E40055EC7D /* InfoPlist.strings in Resources */ = {isa = PBXBuildFile; fileRef = 86981F161538B9E40055EC7D /* InfoPlist.strings */; };
		86981F1A1538B9E40055EC7D /* main.m in Sources */ = {isa = PBXBuildFile; fileRef = 86981F191538B9E40055EC7D /* main.m */; };
		86981F211538B9E40055EC7D /* iPhone.storyboard in Resources */ = {isa = PBXBuildFile; fileRef = 86981F1F1538B9E40055EC7D /* iPhone.storyboard */; };
		86C53D16154F9E88000B38BE /* CalculatorAppDelegate.m in Sources */ = {isa = PBXBuildFile; fileRef = 86C53D11154F9E88000B38BE /* CalculatorAppDelegate.m */; };
		86C53D17154F9E88000B38BE /* CalculatorBrain.m in Sources */ = {isa = PBXBuildFile; fileRef = 86C53D13154F9E88000B38BE /* CalculatorBrain.m */; };
		86C53D18154F9E88000B38BE /* CalculatorViewController.m in Sources */ = {isa = PBXBuildFile; fileRef = 86C53D15154F9E88000B38BE /* CalculatorViewController.m */; };
		86C53D1E154F9E93000B38BE /* Operator.m in Sources */ = {isa = PBXBuildFile; fileRef = 86C53D1B154F9E93000B38BE /* Operator.m */; };
		86C53D1F154F9E93000B38BE /* VariableValues.m in Sources */ = {isa = PBXBuildFile; fileRef = 86C53D1D154F9E93000B38BE /* VariableValues.m */; };
		86C53D31154FA921000B38BE /* calculator-icon-57.png in Resources */ = {isa = PBXBuildFile; fileRef = 86C53D30154FA920000B38BE /* calculator-icon-57.png */; };
		86C53D33154FA983000B38BE /* calculator-icon-114.png in Resources */ = {isa = PBXBuildFile; fileRef = 86C53D32154FA983000B38BE /* calculator-icon-114.png */; };
		86C53D35154FA98B000B38BE /* calculator-icon-72.png in Resources */ = {isa = PBXBuildFile; fileRef = 86C53D34154FA98B000B38BE /* calculator-icon-72.png */; };
		86C53D37154FA98F000B38BE /* calculator-icon-144.png in Resources */ = {isa = PBXBuildFile; fileRef = 86C53D36154FA98F000B38BE /* calculator-icon-144.png */; };
		86DF3F65154B18FD001F9F7D /* GraphView.m in Sources */ = {isa = PBXBuildFile; fileRef = 86DF3F64154B18FD001F9F7D /* GraphView.m */; };
		86F2DA4B1549DCFF00689699 /* AxesDrawer.m in Sources */ = {isa = PBXBuildFile; fileRef = 86F2DA4A1549DCFF00689699 /* AxesDrawer.m */; };
/* End PBXBuildFile section */

/* Begin PBXFileReference section */
		8618B36B154DE02800792251 /* GraphViewController.h */ = {isa = PBXFileReference; fileEncoding = 4; lastKnownFileType = sourcecode.c.h; path = GraphViewController.h; sourceTree = "<group>"; };
		8618B36C154DE02800792251 /* GraphViewController.m */ = {isa = PBXFileReference; fileEncoding = 4; lastKnownFileType = sourcecode.c.objc; path = GraphViewController.m; sourceTree = "<group>"; };
		8657E8F8154F9D72003F4315 /* en */ = {isa = PBXFileReference; lastKnownFileType = file.storyboard; name = en; path = rpnCalc/en.lproj/iPad.storyboard; sourceTree = "<group>"; };
		865DACA5155C52F1007D5F59 /* FavoritesPopoverTableViewController.h */ = {isa = PBXFileReference; fileEncoding = 4; lastKnownFileType = sourcecode.c.h; path = FavoritesPopoverTableViewController.h; sourceTree = "<group>"; };
		865DACA6155C52F1007D5F59 /* FavoritesPopoverTableViewController.m */ = {isa = PBXFileReference; fileEncoding = 4; lastKnownFileType = sourcecode.c.objc; path = FavoritesPopoverTableViewController.m; sourceTree = "<group>"; };
		865DACAC155C5E0A007D5F59 /* FavoritesPushedTableViewController.h */ = {isa = PBXFileReference; fileEncoding = 4; lastKnownFileType = sourcecode.c.h; path = FavoritesPushedTableViewController.h; sourceTree = "<group>"; };
		865DACAD155C5E0A007D5F59 /* FavoritesPushedTableViewController.m */ = {isa = PBXFileReference; fileEncoding = 4; lastKnownFileType = sourcecode.c.objc; path = FavoritesPushedTableViewController.m; sourceTree = "<group>"; };
		86981F091538B9E40055EC7D /* rpnCalc.app */ = {isa = PBXFileReference; explicitFileType = wrapper.application; includeInIndex = 0; path = rpnCalc.app; sourceTree = BUILT_PRODUCTS_DIR; };
		86981F0D1538B9E40055EC7D /* UIKit.framework */ = {isa = PBXFileReference; lastKnownFileType = wrapper.framework; name = UIKit.framework; path = System/Library/Frameworks/UIKit.framework; sourceTree = SDKROOT; };
		86981F0F1538B9E40055EC7D /* Foundation.framework */ = {isa = PBXFileReference; lastKnownFileType = wrapper.framework; name = Foundation.framework; path = System/Library/Frameworks/Foundation.framework; sourceTree = SDKROOT; };
		86981F111538B9E40055EC7D /* CoreGraphics.framework */ = {isa = PBXFileReference; lastKnownFileType = wrapper.framework; name = CoreGraphics.framework; path = System/Library/Frameworks/CoreGraphics.framework; sourceTree = SDKROOT; };
		86981F151538B9E40055EC7D /* rpnCalc-Info.plist */ = {isa = PBXFileReference; lastKnownFileType = text.plist.xml; path = "rpnCalc-Info.plist"; sourceTree = "<group>"; };
		86981F171538B9E40055EC7D /* en */ = {isa = PBXFileReference; lastKnownFileType = text.plist.strings; name = en; path = en.lproj/InfoPlist.strings; sourceTree = "<group>"; };
		86981F191538B9E40055EC7D /* main.m */ = {isa = PBXFileReference; lastKnownFileType = sourcecode.c.objc; path = main.m; sourceTree = "<group>"; };
		86981F1B1538B9E40055EC7D /* rpnCalc-Prefix.pch */ = {isa = PBXFileReference; lastKnownFileType = sourcecode.c.h; path = "rpnCalc-Prefix.pch"; sourceTree = "<group>"; };
		86981F201538B9E40055EC7D /* en */ = {isa = PBXFileReference; lastKnownFileType = file.storyboard; name = en; path = en.lproj/iPhone.storyboard; sourceTree = "<group>"; };
		86C53D10154F9E88000B38BE /* CalculatorAppDelegate.h */ = {isa = PBXFileReference; fileEncoding = 4; lastKnownFileType = sourcecode.c.h; path = CalculatorAppDelegate.h; sourceTree = "<group>"; };
		86C53D11154F9E88000B38BE /* CalculatorAppDelegate.m */ = {isa = PBXFileReference; fileEncoding = 4; lastKnownFileType = sourcecode.c.objc; path = CalculatorAppDelegate.m; sourceTree = "<group>"; };
		86C53D12154F9E88000B38BE /* CalculatorBrain.h */ = {isa = PBXFileReference; fileEncoding = 4; lastKnownFileType = sourcecode.c.h; path = CalculatorBrain.h; sourceTree = "<group>"; };
		86C53D13154F9E88000B38BE /* CalculatorBrain.m */ = {isa = PBXFileReference; fileEncoding = 4; lastKnownFileType = sourcecode.c.objc; path = CalculatorBrain.m; sourceTree = "<group>"; };
		86C53D14154F9E88000B38BE /* CalculatorViewController.h */ = {isa = PBXFileReference; fileEncoding = 4; lastKnownFileType = sourcecode.c.h; path = CalculatorViewController.h; sourceTree = "<group>"; };
		86C53D15154F9E88000B38BE /* CalculatorViewController.m */ = {isa = PBXFileReference; fileEncoding = 4; lastKnownFileType = sourcecode.c.objc; path = CalculatorViewController.m; sourceTree = "<group>"; };
		86C53D1A154F9E93000B38BE /* Operator.h */ = {isa = PBXFileReference; fileEncoding = 4; lastKnownFileType = sourcecode.c.h; path = Operator.h; sourceTree = "<group>"; };
		86C53D1B154F9E93000B38BE /* Operator.m */ = {isa = PBXFileReference; fileEncoding = 4; lastKnownFileType = sourcecode.c.objc; path = Operator.m; sourceTree = "<group>"; };
		86C53D1C154F9E93000B38BE /* VariableValues.h */ = {isa = PBXFileReference; fileEncoding = 4; lastKnownFileType = sourcecode.c.h; path = VariableValues.h; sourceTree = "<group>"; };
		86C53D1D154F9E93000B38BE /* VariableValues.m */ = {isa = PBXFileReference; fileEncoding = 4; lastKnownFileType = sourcecode.c.objc; path = VariableValues.m; sourceTree = "<group>"; };
		86C53D30154FA920000B38BE /* calculator-icon-57.png */ = {isa = PBXFileReference; lastKnownFileType = image.png; name = "calculator-icon-57.png"; path = "../calculator-icon-57.png"; sourceTree = "<group>"; };
		86C53D32154FA983000B38BE /* calculator-icon-114.png */ = {isa = PBXFileReference; lastKnownFileType = image.png; name = "calculator-icon-114.png"; path = "../calculator-icon-114.png"; sourceTree = "<group>"; };
		86C53D34154FA98B000B38BE /* calculator-icon-72.png */ = {isa = PBXFileReference; lastKnownFileType = image.png; name = "calculator-icon-72.png"; path = "../calculator-icon-72.png"; sourceTree = "<group>"; };
		86C53D36154FA98F000B38BE /* calculator-icon-144.png */ = {isa = PBXFileReference; lastKnownFileType = image.png; name = "calculator-icon-144.png"; path = "../calculator-icon-144.png"; sourceTree = "<group>"; };
		86DF3F63154B18FD001F9F7D /* GraphView.h */ = {isa = PBXFileReference; fileEncoding = 4; lastKnownFileType = sourcecode.c.h; path = GraphView.h; sourceTree = "<group>"; };
		86DF3F64154B18FD001F9F7D /* GraphView.m */ = {isa = PBXFileReference; fileEncoding = 4; lastKnownFileType = sourcecode.c.objc; path = GraphView.m; sourceTree = "<group>"; };
		86F2DA491549DCFF00689699 /* AxesDrawer.h */ = {isa = PBXFileReference; fileEncoding = 4; lastKnownFileType = sourcecode.c.h; path = AxesDrawer.h; sourceTree = "<group>"; };
		86F2DA4A1549DCFF00689699 /* AxesDrawer.m */ = {isa = PBXFileReference; fileEncoding = 4; lastKnownFileType = sourcecode.c.objc; path = AxesDrawer.m; sourceTree = "<group>"; };
/* End PBXFileReference section */

/* Begin PBXFrameworksBuildPhase section */
		86981F061538B9E40055EC7D /* Frameworks */ = {
			isa = PBXFrameworksBuildPhase;
			buildActionMask = 2147483647;
			files = (
				86981F0E1538B9E40055EC7D /* UIKit.framework in Frameworks */,
				86981F101538B9E40055EC7D /* Foundation.framework in Frameworks */,
				86981F121538B9E40055EC7D /* CoreGraphics.framework in Frameworks */,
			);
			runOnlyForDeploymentPostprocessing = 0;
		};
/* End PBXFrameworksBuildPhase section */

/* Begin PBXGroup section */
		86981EFE1538B9E40055EC7D = {
			isa = PBXGroup;
			children = (
				86981F131538B9E40055EC7D /* rpnCalc */,
				86981F0C1538B9E40055EC7D /* Frameworks */,
				86981F0A1538B9E40055EC7D /* Products */,
			);
			sourceTree = "<group>";
		};
		86981F0A1538B9E40055EC7D /* Products */ = {
			isa = PBXGroup;
			children = (
				86981F091538B9E40055EC7D /* rpnCalc.app */,
			);
			name = Products;
			sourceTree = "<group>";
		};
		86981F0C1538B9E40055EC7D /* Frameworks */ = {
			isa = PBXGroup;
			children = (
				86981F0D1538B9E40055EC7D /* UIKit.framework */,
				86981F0F1538B9E40055EC7D /* Foundation.framework */,
				86981F111538B9E40055EC7D /* CoreGraphics.framework */,
			);
			name = Frameworks;
			sourceTree = "<group>";
		};
		86981F131538B9E40055EC7D /* rpnCalc */ = {
			isa = PBXGroup;
			children = (
				8657E8F7154F9D72003F4315 /* iPad.storyboard */,
				86981F1F1538B9E40055EC7D /* iPhone.storyboard */,
				865DACAC155C5E0A007D5F59 /* FavoritesPushedTableViewController.h */,
				865DACAD155C5E0A007D5F59 /* FavoritesPushedTableViewController.m */,
				865DACA5155C52F1007D5F59 /* FavoritesPopoverTableViewController.h */,
				865DACA6155C52F1007D5F59 /* FavoritesPopoverTableViewController.m */,
				86C53D14154F9E88000B38BE /* CalculatorViewController.h */,
				86C53D15154F9E88000B38BE /* CalculatorViewController.m */,
				86C53D10154F9E88000B38BE /* CalculatorAppDelegate.h */,
				86C53D11154F9E88000B38BE /* CalculatorAppDelegate.m */,
				86C53D12154F9E88000B38BE /* CalculatorBrain.h */,
				86C53D13154F9E88000B38BE /* CalculatorBrain.m */,
				86C53D1A154F9E93000B38BE /* Operator.h */,
				86C53D1B154F9E93000B38BE /* Operator.m */,
				86C53D1C154F9E93000B38BE /* VariableValues.h */,
				86C53D1D154F9E93000B38BE /* VariableValues.m */,
				8618B36B154DE02800792251 /* GraphViewController.h */,
				8618B36C154DE02800792251 /* GraphViewController.m */,
				86DF3F63154B18FD001F9F7D /* GraphView.h */,
				86DF3F64154B18FD001F9F7D /* GraphView.m */,
				86F2DA491549DCFF00689699 /* AxesDrawer.h */,
				86F2DA4A1549DCFF00689699 /* AxesDrawer.m */,
				86981F141538B9E40055EC7D /* Supporting Files */,
			);
			path = rpnCalc;
			sourceTree = "<group>";
		};
		86981F141538B9E40055EC7D /* Supporting Files */ = {
			isa = PBXGroup;
			children = (
				86981F151538B9E40055EC7D /* rpnCalc-Info.plist */,
				86981F161538B9E40055EC7D /* InfoPlist.strings */,
				86981F191538B9E40055EC7D /* main.m */,
				86981F1B1538B9E40055EC7D /* rpnCalc-Prefix.pch */,
				86C53D36154FA98F000B38BE /* calculator-icon-144.png */,
				86C53D34154FA98B000B38BE /* calculator-icon-72.png */,
				86C53D32154FA983000B38BE /* calculator-icon-114.png */,
				86C53D30154FA920000B38BE /* calculator-icon-57.png */,
			);
			name = "Supporting Files";
			sourceTree = "<group>";
		};
/* End PBXGroup section */

/* Begin PBXNativeTarget section */
		86981F081538B9E40055EC7D /* rpnCalc */ = {
			isa = PBXNativeTarget;
			buildConfigurationList = 86981F271538B9E40055EC7D /* Build configuration list for PBXNativeTarget "rpnCalc" */;
			buildPhases = (
				86981F051538B9E40055EC7D /* Sources */,
				86981F061538B9E40055EC7D /* Frameworks */,
				86981F071538B9E40055EC7D /* Resources */,
			);
			buildRules = (
			);
			dependencies = (
			);
			name = rpnCalc;
			productName = rpnCalc;
			productReference = 86981F091538B9E40055EC7D /* rpnCalc.app */;
			productType = "com.apple.product-type.application";
		};
/* End PBXNativeTarget section */

/* Begin PBXProject section */
		86981F001538B9E40055EC7D /* Project object */ = {
			isa = PBXProject;
			attributes = {
				CLASSPREFIX = rpnCalc;
				LastUpgradeCheck = 0430;
			};
			buildConfigurationList = 86981F031538B9E40055EC7D /* Build configuration list for PBXProject "rpnCalc" */;
			compatibilityVersion = "Xcode 3.2";
			developmentRegion = English;
			hasScannedForEncodings = 0;
			knownRegions = (
				en,
			);
			mainGroup = 86981EFE1538B9E40055EC7D;
			productRefGroup = 86981F0A1538B9E40055EC7D /* Products */;
			projectDirPath = "";
			projectRoot = "";
			targets = (
				86981F081538B9E40055EC7D /* rpnCalc */,
			);
		};
/* End PBXProject section */

/* Begin PBXResourcesBuildPhase section */
		86981F071538B9E40055EC7D /* Resources */ = {
			isa = PBXResourcesBuildPhase;
			buildActionMask = 2147483647;
			files = (
				86981F181538B9E40055EC7D /* InfoPlist.strings in Resources */,
				86981F211538B9E40055EC7D /* iPhone.storyboard in Resources */,
				8657E8F9154F9D72003F4315 /* iPad.storyboard in Resources */,
				86C53D31154FA921000B38BE /* calculator-icon-57.png in Resources */,
				86C53D33154FA983000B38BE /* calculator-icon-114.png in Resources */,
				86C53D35154FA98B000B38BE /* calculator-icon-72.png in Resources */,
				86C53D37154FA98F000B38BE /* calculator-icon-144.png in Resources */,
			);
			runOnlyForDeploymentPostprocessing = 0;
		};
/* End PBXResourcesBuildPhase section */

/* Begin PBXSourcesBuildPhase section */
		86981F051538B9E40055EC7D /* Sources */ = {
			isa = PBXSourcesBuildPhase;
			buildActionMask = 2147483647;
			files = (
				86981F1A1538B9E40055EC7D /* main.m in Sources */,
				86F2DA4B1549DCFF00689699 /* AxesDrawer.m in Sources */,
				86DF3F65154B18FD001F9F7D /* GraphView.m in Sources */,
				8618B36D154DE02800792251 /* GraphViewController.m in Sources */,
				86C53D16154F9E88000B38BE /* CalculatorAppDelegate.m in Sources */,
				86C53D17154F9E88000B38BE /* CalculatorBrain.m in Sources */,
				86C53D18154F9E88000B38BE /* CalculatorViewController.m in Sources */,
				86C53D1E154F9E93000B38BE /* Operator.m in Sources */,
				86C53D1F154F9E93000B38BE /* VariableValues.m in Sources */,
				865DACA7155C52F1007D5F59 /* FavoritesPopoverTableViewController.m in Sources */,
				865DACAE155C5E0A007D5F59 /* FavoritesPushedTableViewController.m in Sources */,
			);
			runOnlyForDeploymentPostprocessing = 0;
		};
/* End PBXSourcesBuildPhase section */

/* Begin PBXVariantGroup section */
		8657E8F7154F9D72003F4315 /* iPad.storyboard */ = {
			isa = PBXVariantGroup;
			children = (
				8657E8F8154F9D72003F4315 /* en */,
			);
			name = iPad.storyboard;
			path = ..;
			sourceTree = "<group>";
		};
		86981F161538B9E40055EC7D /* InfoPlist.strings */ = {
			isa = PBXVariantGroup;
			children = (
				86981F171538B9E40055EC7D /* en */,
			);
			name = InfoPlist.strings;
			sourceTree = "<group>";
		};
		86981F1F1538B9E40055EC7D /* iPhone.storyboard */ = {
			isa = PBXVariantGroup;
			children = (
				86981F201538B9E40055EC7D /* en */,
			);
			name = iPhone.storyboard;
			sourceTree = "<group>";
		};
/* End PBXVariantGroup section */

/* Begin XCBuildConfiguration section */
		86981F251538B9E40055EC7D /* Debug */ = {
			isa = XCBuildConfiguration;
			buildSettings = {
				ALWAYS_SEARCH_USER_PATHS = NO;
				ARCHS = "$(ARCHS_STANDARD_32_BIT)";
				CLANG_ENABLE_OBJC_ARC = YES;
				"CODE_SIGN_IDENTITY[sdk=iphoneos*]" = "iPhone Developer";
				COPY_PHASE_STRIP = NO;
				GCC_C_LANGUAGE_STANDARD = gnu99;
				GCC_DYNAMIC_NO_PIC = NO;
				GCC_OPTIMIZATION_LEVEL = 0;
				GCC_PREPROCESSOR_DEFINITIONS = (
					"DEBUG=1",
					"$(inherited)",
				);
				GCC_SYMBOLS_PRIVATE_EXTERN = NO;
				GCC_VERSION = com.apple.compilers.llvm.clang.1_0;
				GCC_WARN_ABOUT_RETURN_TYPE = YES;
				GCC_WARN_UNINITIALIZED_AUTOS = YES;
				GCC_WARN_UNUSED_VARIABLE = YES;
				IPHONEOS_DEPLOYMENT_TARGET = 5.1;
				SDKROOT = iphoneos;
			};
			name = Debug;
		};
		86981F261538B9E40055EC7D /* Release */ = {
			isa = XCBuildConfiguration;
			buildSettings = {
				ALWAYS_SEARCH_USER_PATHS = NO;
				ARCHS = "$(ARCHS_STANDARD_32_BIT)";
				CLANG_ENABLE_OBJC_ARC = YES;
				"CODE_SIGN_IDENTITY[sdk=iphoneos*]" = "iPhone Developer";
				COPY_PHASE_STRIP = YES;
				GCC_C_LANGUAGE_STANDARD = gnu99;
				GCC_VERSION = com.apple.compilers.llvm.clang.1_0;
				GCC_WARN_ABOUT_RETURN_TYPE = YES;
				GCC_WARN_UNINITIALIZED_AUTOS = YES;
				GCC_WARN_UNUSED_VARIABLE = YES;
				IPHONEOS_DEPLOYMENT_TARGET = 5.1;
				OTHER_CFLAGS = "-DNS_BLOCK_ASSERTIONS=1";
				SDKROOT = iphoneos;
				VALIDATE_PRODUCT = YES;
			};
			name = Release;
		};
		86981F281538B9E40055EC7D /* Debug */ = {
			isa = XCBuildConfiguration;
			buildSettings = {
				GCC_PRECOMPILE_PREFIX_HEADER = YES;
				GCC_PREFIX_HEADER = "rpnCalc/rpnCalc-Prefix.pch";
				INFOPLIST_FILE = "rpnCalc/rpnCalc-Info.plist";
				IPHONEOS_DEPLOYMENT_TARGET = 5.1;
				PRODUCT_NAME = "$(TARGET_NAME)";
				TARGETED_DEVICE_FAMILY = "1,2";
				WRAPPER_EXTENSION = app;
			};
			name = Debug;
		};
		86981F291538B9E40055EC7D /* Release */ = {
			isa = XCBuildConfiguration;
			buildSettings = {
				GCC_PRECOMPILE_PREFIX_HEADER = YES;
				GCC_PREFIX_HEADER = "rpnCalc/rpnCalc-Prefix.pch";
				INFOPLIST_FILE = "rpnCalc/rpnCalc-Info.plist";
				IPHONEOS_DEPLOYMENT_TARGET = 5.1;
				PRODUCT_NAME = "$(TARGET_NAME)";
				TARGETED_DEVICE_FAMILY = "1,2";
				WRAPPER_EXTENSION = app;
			};
			name = Release;
		};
/* End XCBuildConfiguration section */

/* Begin XCConfigurationList section */
		86981F031538B9E40055EC7D /* Build configuration list for PBXProject "rpnCalc" */ = {
			isa = XCConfigurationList;
			buildConfigurations = (
				86981F251538B9E40055EC7D /* Debug */,
				86981F261538B9E40055EC7D /* Release */,
			);
			defaultConfigurationIsVisible = 0;
			defaultConfigurationName = Release;
		};
		86981F271538B9E40055EC7D /* Build configuration list for PBXNativeTarget "rpnCalc" */ = {
			isa = XCConfigurationList;
			buildConfigurations = (
				86981F281538B9E40055EC7D /* Debug */,
				86981F291538B9E40055EC7D /* Release */,
			);
			defaultConfigurationIsVisible = 0;
			defaultConfigurationName = Release;
		};
/* End XCConfigurationList section */
	};
	rootObject = 86981F001538B9E40055EC7D /* Project object */;
}
